
Microsoft Visual Studio Solution File, Format Version 12.00
# Visual Studio 2015
Project("{FAE04EC0-301F-11D3-BF4B-00C04F79EFBC}") = "hotline clone", "hotline clone.csproj", "{DC5C041A-4574-41BC-F40A-6F78C8B78160}"
EndProject
Global
	GlobalSection(SolutionConfigurationPlatforms) = preSolution
		Debug|Any CPU = Debug|Any CPU
		Release|Any CPU = Release|Any CPU
	EndGlobalSection
	GlobalSection(ProjectConfigurationPlatforms) = postSolution
		{DC5C041A-4574-41BC-F40A-6F78C8B78160}.Debug|Any CPU.ActiveCfg = Debug|Any CPU
		{DC5C041A-4574-41BC-F40A-6F78C8B78160}.Debug|Any CPU.Build.0 = Debug|Any CPU
		{DC5C041A-4574-41BC-F40A-6F78C8B78160}.Release|Any CPU.ActiveCfg = Release|Any CPU
		{DC5C041A-4574-41BC-F40A-6F78C8B78160}.Release|Any CPU.Build.0 = Release|Any CPU
	EndGlobalSection
	GlobalSection(SolutionProperties) = preSolution
		HideSolutionNode = FALSE
	EndGlobalSection
EndGlobal
